// !$*UTF8*$!
{
	archiveVersion = 1;
	classes = {
	};
	objectVersion = 50;
	objects = {

/* Begin PBXBuildFile section */
		216B9841258C91C2007C3BD4 /* AppDelegate.swift in Sources */ = {isa = PBXBuildFile; fileRef = 216B9840258C91C2007C3BD4 /* AppDelegate.swift */; };
		216B9843258C91C2007C3BD4 /* SceneDelegate.swift in Sources */ = {isa = PBXBuildFile; fileRef = 216B9842258C91C2007C3BD4 /* SceneDelegate.swift */; };
		216B9845258C91C2007C3BD4 /* ContentView.swift in Sources */ = {isa = PBXBuildFile; fileRef = 216B9844258C91C2007C3BD4 /* ContentView.swift */; };
		216B9847258C91C6007C3BD4 /* Assets.xcassets in Resources */ = {isa = PBXBuildFile; fileRef = 216B9846258C91C6007C3BD4 /* Assets.xcassets */; };
		216B984A258C91C6007C3BD4 /* Preview Assets.xcassets in Resources */ = {isa = PBXBuildFile; fileRef = 216B9849258C91C6007C3BD4 /* Preview Assets.xcassets */; };
		216B984D258C91C6007C3BD4 /* LaunchScreen.storyboard in Resources */ = {isa = PBXBuildFile; fileRef = 216B984B258C91C6007C3BD4 /* LaunchScreen.storyboard */; };
		216B9858258C91C6007C3BD4 /* HelloAppTests.swift in Sources */ = {isa = PBXBuildFile; fileRef = 216B9857258C91C6007C3BD4 /* HelloAppTests.swift */; };
		216B9863258C91C6007C3BD4 /* HelloAppUITests.swift in Sources */ = {isa = PBXBuildFile; fileRef = 216B9862258C91C6007C3BD4 /* HelloAppUITests.swift */; };
/* End PBXBuildFile section */

/* Begin PBXContainerItemProxy section */
		216B9854258C91C6007C3BD4 /* PBXContainerItemProxy */ = {
			isa = PBXContainerItemProxy;
			containerPortal = 216B9835258C91C2007C3BD4 /* Project object */;
			proxyType = 1;
			remoteGlobalIDString = 216B983C258C91C2007C3BD4;
			remoteInfo = HelloApp;
		};
		216B985F258C91C6007C3BD4 /* PBXContainerItemProxy */ = {
			isa = PBXContainerItemProxy;
			containerPortal = 216B9835258C91C2007C3BD4 /* Project object */;
			proxyType = 1;
			remoteGlobalIDString = 216B983C258C91C2007C3BD4;
			remoteInfo = HelloApp;
		};
/* End PBXContainerItemProxy section */

/* Begin PBXFileReference section */
		216B983D258C91C2007C3BD4 /* HelloApp.app */ = {isa = PBXFileReference; explicitFileType = wrapper.application; includeInIndex = 0; path = HelloApp.app; sourceTree = BUILT_PRODUCTS_DIR; };
		216B9840258C91C2007C3BD4 /* AppDelegate.swift */ = {isa = PBXFileReference; lastKnownFileType = sourcecode.swift; path = AppDelegate.swift; sourceTree = "<group>"; };
		216B9842258C91C2007C3BD4 /* SceneDelegate.swift */ = {isa = PBXFileReference; lastKnownFileType = sourcecode.swift; path = SceneDelegate.swift; sourceTree = "<group>"; };
		216B9844258C91C2007C3BD4 /* ContentView.swift */ = {isa = PBXFileReference; lastKnownFileType = sourcecode.swift; path = ContentView.swift; sourceTree = "<group>"; };
		216B9846258C91C6007C3BD4 /* Assets.xcassets */ = {isa = PBXFileReference; lastKnownFileType = folder.assetcatalog; path = Assets.xcassets; sourceTree = "<group>"; };
		216B9849258C91C6007C3BD4 /* Preview Assets.xcassets */ = {isa = PBXFileReference; lastKnownFileType = folder.assetcatalog; path = "Preview Assets.xcassets"; sourceTree = "<group>"; };
		216B984C258C91C6007C3BD4 /* Base */ = {isa = PBXFileReference; lastKnownFileType = file.storyboard; name = Base; path = Base.lproj/LaunchScreen.storyboard; sourceTree = "<group>"; };
		216B984E258C91C6007C3BD4 /* Info.plist */ = {isa = PBXFileReference; lastKnownFileType = text.plist.xml; path = Info.plist; sourceTree = "<group>"; };
		216B9853258C91C6007C3BD4 /* HelloAppTests.xctest */ = {isa = PBXFileReference; explicitFileType = wrapper.cfbundle; includeInIndex = 0; path = HelloAppTests.xctest; sourceTree = BUILT_PRODUCTS_DIR; };
		216B9857258C91C6007C3BD4 /* HelloAppTests.swift */ = {isa = PBXFileReference; lastKnownFileType = sourcecode.swift; path = HelloAppTests.swift; sourceTree = "<group>"; };
		216B9859258C91C6007C3BD4 /* Info.plist */ = {isa = PBXFileReference; lastKnownFileType = text.plist.xml; path = Info.plist; sourceTree = "<group>"; };
		216B985E258C91C6007C3BD4 /* HelloAppUITests.xctest */ = {isa = PBXFileReference; explicitFileType = wrapper.cfbundle; includeInIndex = 0; path = HelloAppUITests.xctest; sourceTree = BUILT_PRODUCTS_DIR; };
		216B9862258C91C6007C3BD4 /* HelloAppUITests.swift */ = {isa = PBXFileReference; lastKnownFileType = sourcecode.swift; path = HelloAppUITests.swift; sourceTree = "<group>"; };
		216B9864258C91C6007C3BD4 /* Info.plist */ = {isa = PBXFileReference; lastKnownFileType = text.plist.xml; path = Info.plist; sourceTree = "<group>"; };
/* End PBXFileReference section */

/* Begin PBXFrameworksBuildPhase section */
		216B983A258C91C2007C3BD4 /* Frameworks */ = {
			isa = PBXFrameworksBuildPhase;
			buildActionMask = 2147483647;
			files = (
			);
			runOnlyForDeploymentPostprocessing = 0;
		};
		216B9850258C91C6007C3BD4 /* Frameworks */ = {
			isa = PBXFrameworksBuildPhase;
			buildActionMask = 2147483647;
			files = (
			);
			runOnlyForDeploymentPostprocessing = 0;
		};
		216B985B258C91C6007C3BD4 /* Frameworks */ = {
			isa = PBXFrameworksBuildPhase;
			buildActionMask = 2147483647;
			files = (
			);
			runOnlyForDeploymentPostprocessing = 0;
		};
/* End PBXFrameworksBuildPhase section */

/* Begin PBXGroup section */
		216B9834258C91C2007C3BD4 = {
			isa = PBXGroup;
			children = (
				216B983F258C91C2007C3BD4 /* HelloApp */,
				216B9856258C91C6007C3BD4 /* HelloAppTests */,
				216B9861258C91C6007C3BD4 /* HelloAppUITests */,
				216B983E258C91C2007C3BD4 /* Products */,
			);
			sourceTree = "<group>";
		};
		216B983E258C91C2007C3BD4 /* Products */ = {
			isa = PBXGroup;
			children = (
				216B983D258C91C2007C3BD4 /* HelloApp.app */,
				216B9853258C91C6007C3BD4 /* HelloAppTests.xctest */,
				216B985E258C91C6007C3BD4 /* HelloAppUITests.xctest */,
			);
			name = Products;
			sourceTree = "<group>";
		};
		216B983F258C91C2007C3BD4 /* HelloApp */ = {
			isa = PBXGroup;
			children = (
				216B9840258C91C2007C3BD4 /* AppDelegate.swift */,
				216B9842258C91C2007C3BD4 /* SceneDelegate.swift */,
				216B9844258C91C2007C3BD4 /* ContentView.swift */,
				216B9846258C91C6007C3BD4 /* Assets.xcassets */,
				216B984B258C91C6007C3BD4 /* LaunchScreen.storyboard */,
				216B984E258C91C6007C3BD4 /* Info.plist */,
				216B9848258C91C6007C3BD4 /* Preview Content */,
			);
			path = HelloApp;
			sourceTree = "<group>";
		};
		216B9848258C91C6007C3BD4 /* Preview Content */ = {
			isa = PBXGroup;
			children = (
				216B9849258C91C6007C3BD4 /* Preview Assets.xcassets */,
			);
			path = "Preview Content";
			sourceTree = "<group>";
		};
		216B9856258C91C6007C3BD4 /* HelloAppTests */ = {
			isa = PBXGroup;
			children = (
				216B9857258C91C6007C3BD4 /* HelloAppTests.swift */,
				216B9859258C91C6007C3BD4 /* Info.plist */,
			);
			path = HelloAppTests;
			sourceTree = "<group>";
		};
		216B9861258C91C6007C3BD4 /* HelloAppUITests */ = {
			isa = PBXGroup;
			children = (
				216B9862258C91C6007C3BD4 /* HelloAppUITests.swift */,
				216B9864258C91C6007C3BD4 /* Info.plist */,
			);
			path = HelloAppUITests;
			sourceTree = "<group>";
		};
/* End PBXGroup section */

/* Begin PBXNativeTarget section */
		216B983C258C91C2007C3BD4 /* HelloApp */ = {
			isa = PBXNativeTarget;
			buildConfigurationList = 216B9867258C91C6007C3BD4 /* Build configuration list for PBXNativeTarget "HelloApp" */;
			buildPhases = (
				216B9839258C91C2007C3BD4 /* Sources */,
				216B983A258C91C2007C3BD4 /* Frameworks */,
				216B983B258C91C2007C3BD4 /* Resources */,
			);
			buildRules = (
			);
			dependencies = (
			);
			name = HelloApp;
			productName = HelloApp;
			productReference = 216B983D258C91C2007C3BD4 /* HelloApp.app */;
			productType = "com.apple.product-type.application";
		};
		216B9852258C91C6007C3BD4 /* HelloAppTests */ = {
			isa = PBXNativeTarget;
			buildConfigurationList = 216B986A258C91C6007C3BD4 /* Build configuration list for PBXNativeTarget "HelloAppTests" */;
			buildPhases = (
				216B984F258C91C6007C3BD4 /* Sources */,
				216B9850258C91C6007C3BD4 /* Frameworks */,
				216B9851258C91C6007C3BD4 /* Resources */,
			);
			buildRules = (
			);
			dependencies = (
				216B9855258C91C6007C3BD4 /* PBXTargetDependency */,
			);
			name = HelloAppTests;
			productName = HelloAppTests;
			productReference = 216B9853258C91C6007C3BD4 /* HelloAppTests.xctest */;
			productType = "com.apple.product-type.bundle.unit-test";
		};
		216B985D258C91C6007C3BD4 /* HelloAppUITests */ = {
			isa = PBXNativeTarget;
			buildConfigurationList = 216B986D258C91C6007C3BD4 /* Build configuration list for PBXNativeTarget "HelloAppUITests" */;
			buildPhases = (
				216B985A258C91C6007C3BD4 /* Sources */,
				216B985B258C91C6007C3BD4 /* Frameworks */,
				216B985C258C91C6007C3BD4 /* Resources */,
			);
			buildRules = (
			);
			dependencies = (
				216B9860258C91C6007C3BD4 /* PBXTargetDependency */,
			);
			name = HelloAppUITests;
			productName = HelloAppUITests;
			productReference = 216B985E258C91C6007C3BD4 /* HelloAppUITests.xctest */;
			productType = "com.apple.product-type.bundle.ui-testing";
		};
/* End PBXNativeTarget section */

/* Begin PBXProject section */
		216B9835258C91C2007C3BD4 /* Project object */ = {
			isa = PBXProject;
			attributes = {
				LastSwiftUpdateCheck = 1230;
				LastUpgradeCheck = 1230;
				TargetAttributes = {
					216B983C258C91C2007C3BD4 = {
						CreatedOnToolsVersion = 12.3;
					};
					216B9852258C91C6007C3BD4 = {
						CreatedOnToolsVersion = 12.3;
						TestTargetID = 216B983C258C91C2007C3BD4;
					};
					216B985D258C91C6007C3BD4 = {
						CreatedOnToolsVersion = 12.3;
						TestTargetID = 216B983C258C91C2007C3BD4;
					};
				};
			};
			buildConfigurationList = 216B9838258C91C2007C3BD4 /* Build configuration list for PBXProject "HelloApp" */;
			compatibilityVersion = "Xcode 9.3";
			developmentRegion = en;
			hasScannedForEncodings = 0;
			knownRegions = (
				en,
				Base,
			);
			mainGroup = 216B9834258C91C2007C3BD4;
			productRefGroup = 216B983E258C91C2007C3BD4 /* Products */;
			projectDirPath = "";
			projectRoot = "";
			targets = (
				216B983C258C91C2007C3BD4 /* HelloApp */,
				216B9852258C91C6007C3BD4 /* HelloAppTests */,
				216B985D258C91C6007C3BD4 /* HelloAppUITests */,
			);
		};
/* End PBXProject section */

/* Begin PBXResourcesBuildPhase section */
		216B983B258C91C2007C3BD4 /* Resources */ = {
			isa = PBXResourcesBuildPhase;
			buildActionMask = 2147483647;
			files = (
				216B984D258C91C6007C3BD4 /* LaunchScreen.storyboard in Resources */,
				216B984A258C91C6007C3BD4 /* Preview Assets.xcassets in Resources */,
				216B9847258C91C6007C3BD4 /* Assets.xcassets in Resources */,
			);
			runOnlyForDeploymentPostprocessing = 0;
		};
		216B9851258C91C6007C3BD4 /* Resources */ = {
			isa = PBXResourcesBuildPhase;
			buildActionMask = 2147483647;
			files = (
			);
			runOnlyForDeploymentPostprocessing = 0;
		};
		216B985C258C91C6007C3BD4 /* Resources */ = {
			isa = PBXResourcesBuildPhase;
			buildActionMask = 2147483647;
			files = (
			);
			runOnlyForDeploymentPostprocessing = 0;
		};
/* End PBXResourcesBuildPhase section */

/* Begin PBXSourcesBuildPhase section */
		216B9839258C91C2007C3BD4 /* Sources */ = {
			isa = PBXSourcesBuildPhase;
			buildActionMask = 2147483647;
			files = (
				216B9841258C91C2007C3BD4 /* AppDelegate.swift in Sources */,
				216B9843258C91C2007C3BD4 /* SceneDelegate.swift in Sources */,
				216B9845258C91C2007C3BD4 /* ContentView.swift in Sources */,
			);
			runOnlyForDeploymentPostprocessing = 0;
		};
		216B984F258C91C6007C3BD4 /* Sources */ = {
			isa = PBXSourcesBuildPhase;
			buildActionMask = 2147483647;
			files = (
				216B9858258C91C6007C3BD4 /* HelloAppTests.swift in Sources */,
			);
			runOnlyForDeploymentPostprocessing = 0;
		};
		216B985A258C91C6007C3BD4 /* Sources */ = {
			isa = PBXSourcesBuildPhase;
			buildActionMask = 2147483647;
			files = (
				216B9863258C91C6007C3BD4 /* HelloAppUITests.swift in Sources */,
			);
			runOnlyForDeploymentPostprocessing = 0;
		};
/* End PBXSourcesBuildPhase section */

/* Begin PBXTargetDependency section */
		216B9855258C91C6007C3BD4 /* PBXTargetDependency */ = {
			isa = PBXTargetDependency;
			target = 216B983C258C91C2007C3BD4 /* HelloApp */;
			targetProxy = 216B9854258C91C6007C3BD4 /* PBXContainerItemProxy */;
		};
		216B9860258C91C6007C3BD4 /* PBXTargetDependency */ = {
			isa = PBXTargetDependency;
			target = 216B983C258C91C2007C3BD4 /* HelloApp */;
			targetProxy = 216B985F258C91C6007C3BD4 /* PBXContainerItemProxy */;
		};
/* End PBXTargetDependency section */

/* Begin PBXVariantGroup section */
		216B984B258C91C6007C3BD4 /* LaunchScreen.storyboard */ = {
			isa = PBXVariantGroup;
			children = (
				216B984C258C91C6007C3BD4 /* Base */,
			);
			name = LaunchScreen.storyboard;
			sourceTree = "<group>";
		};
/* End PBXVariantGroup section */

/* Begin XCBuildConfiguration section */
		216B9865258C91C6007C3BD4 /* Debug */ = {
			isa = XCBuildConfiguration;
			buildSettings = {
				ALWAYS_SEARCH_USER_PATHS = NO;
				CLANG_ANALYZER_NONNULL = YES;
				CLANG_ANALYZER_NUMBER_OBJECT_CONVERSION = YES_AGGRESSIVE;
				CLANG_CXX_LANGUAGE_STANDARD = "gnu++14";
				CLANG_CXX_LIBRARY = "libc++";
				CLANG_ENABLE_MODULES = YES;
				CLANG_ENABLE_OBJC_ARC = YES;
				CLANG_ENABLE_OBJC_WEAK = YES;
				CLANG_WARN_BLOCK_CAPTURE_AUTORELEASING = YES;
				CLANG_WARN_BOOL_CONVERSION = YES;
				CLANG_WARN_COMMA = YES;
				CLANG_WARN_CONSTANT_CONVERSION = YES;
				CLANG_WARN_DEPRECATED_OBJC_IMPLEMENTATIONS = YES;
				CLANG_WARN_DIRECT_OBJC_ISA_USAGE = YES_ERROR;
				CLANG_WARN_DOCUMENTATION_COMMENTS = YES;
				CLANG_WARN_EMPTY_BODY = YES;
				CLANG_WARN_ENUM_CONVERSION = YES;
				CLANG_WARN_INFINITE_RECURSION = YES;
				CLANG_WARN_INT_CONVERSION = YES;
				CLANG_WARN_NON_LITERAL_NULL_CONVERSION = YES;
				CLANG_WARN_OBJC_IMPLICIT_RETAIN_SELF = YES;
				CLANG_WARN_OBJC_LITERAL_CONVERSION = YES;
				CLANG_WARN_OBJC_ROOT_CLASS = YES_ERROR;
				CLANG_WARN_QUOTED_INCLUDE_IN_FRAMEWORK_HEADER = YES;
				CLANG_WARN_RANGE_LOOP_ANALYSIS = YES;
				CLANG_WARN_STRICT_PROTOTYPES = YES;
				CLANG_WARN_SUSPICIOUS_MOVE = YES;
				CLANG_WARN_UNGUARDED_AVAILABILITY = YES_AGGRESSIVE;
				CLANG_WARN_UNREACHABLE_CODE = YES;
				CLANG_WARN__DUPLICATE_METHOD_MATCH = YES;
				COPY_PHASE_STRIP = NO;
				DEBUG_INFORMATION_FORMAT = dwarf;
				ENABLE_STRICT_OBJC_MSGSEND = YES;
				ENABLE_TESTABILITY = YES;
				GCC_C_LANGUAGE_STANDARD = gnu11;
				GCC_DYNAMIC_NO_PIC = NO;
				GCC_NO_COMMON_BLOCKS = YES;
				GCC_OPTIMIZATION_LEVEL = 0;
				GCC_PREPROCESSOR_DEFINITIONS = (
					"DEBUG=1",
					"$(inherited)",
				);
				GCC_WARN_64_TO_32_BIT_CONVERSION = YES;
				GCC_WARN_ABOUT_RETURN_TYPE = YES_ERROR;
				GCC_WARN_UNDECLARED_SELECTOR = YES;
				GCC_WARN_UNINITIALIZED_AUTOS = YES_AGGRESSIVE;
				GCC_WARN_UNUSED_FUNCTION = YES;
				GCC_WARN_UNUSED_VARIABLE = YES;
				IPHONEOS_DEPLOYMENT_TARGET = 14.3;
				MTL_ENABLE_DEBUG_INFO = INCLUDE_SOURCE;
				MTL_FAST_MATH = YES;
				ONLY_ACTIVE_ARCH = YES;
				SDKROOT = iphoneos;
				SWIFT_ACTIVE_COMPILATION_CONDITIONS = DEBUG;
				SWIFT_OPTIMIZATION_LEVEL = "-Onone";
			};
			name = Debug;
		};
		216B9866258C91C6007C3BD4 /* Release */ = {
			isa = XCBuildConfiguration;
			buildSettings = {
				ALWAYS_SEARCH_USER_PATHS = NO;
				CLANG_ANALYZER_NONNULL = YES;
				CLANG_ANALYZER_NUMBER_OBJECT_CONVERSION = YES_AGGRESSIVE;
				CLANG_CXX_LANGUAGE_STANDARD = "gnu++14";
				CLANG_CXX_LIBRARY = "libc++";
				CLANG_ENABLE_MODULES = YES;
				CLANG_ENABLE_OBJC_ARC = YES;
				CLANG_ENABLE_OBJC_WEAK = YES;
				CLANG_WARN_BLOCK_CAPTURE_AUTORELEASING = YES;
				CLANG_WARN_BOOL_CONVERSION = YES;
				CLANG_WARN_COMMA = YES;
				CLANG_WARN_CONSTANT_CONVERSION = YES;
				CLANG_WARN_DEPRECATED_OBJC_IMPLEMENTATIONS = YES;
				CLANG_WARN_DIRECT_OBJC_ISA_USAGE = YES_ERROR;
				CLANG_WARN_DOCUMENTATION_COMMENTS = YES;
				CLANG_WARN_EMPTY_BODY = YES;
				CLANG_WARN_ENUM_CONVERSION = YES;
				CLANG_WARN_INFINITE_RECURSION = YES;
				CLANG_WARN_INT_CONVERSION = YES;
				CLANG_WARN_NON_LITERAL_NULL_CONVERSION = YES;
				CLANG_WARN_OBJC_IMPLICIT_RETAIN_SELF = YES;
				CLANG_WARN_OBJC_LITERAL_CONVERSION = YES;
				CLANG_WARN_OBJC_ROOT_CLASS = YES_ERROR;
				CLANG_WARN_QUOTED_INCLUDE_IN_FRAMEWORK_HEADER = YES;
				CLANG_WARN_RANGE_LOOP_ANALYSIS = YES;
				CLANG_WARN_STRICT_PROTOTYPES = YES;
				CLANG_WARN_SUSPICIOUS_MOVE = YES;
				CLANG_WARN_UNGUARDED_AVAILABILITY = YES_AGGRESSIVE;
				CLANG_WARN_UNREACHABLE_CODE = YES;
				CLANG_WARN__DUPLICATE_METHOD_MATCH = YES;
				COPY_PHASE_STRIP = NO;
				DEBUG_INFORMATION_FORMAT = "dwarf-with-dsym";
				ENABLE_NS_ASSERTIONS = NO;
				ENABLE_STRICT_OBJC_MSGSEND = YES;
				GCC_C_LANGUAGE_STANDARD = gnu11;
				GCC_NO_COMMON_BLOCKS = YES;
				GCC_WARN_64_TO_32_BIT_CONVERSION = YES;
				GCC_WARN_ABOUT_RETURN_TYPE = YES_ERROR;
				GCC_WARN_UNDECLARED_SELECTOR = YES;
				GCC_WARN_UNINITIALIZED_AUTOS = YES_AGGRESSIVE;
				GCC_WARN_UNUSED_FUNCTION = YES;
				GCC_WARN_UNUSED_VARIABLE = YES;
				IPHONEOS_DEPLOYMENT_TARGET = 14.3;
				MTL_ENABLE_DEBUG_INFO = NO;
				MTL_FAST_MATH = YES;
				SDKROOT = iphoneos;
				SWIFT_COMPILATION_MODE = wholemodule;
				SWIFT_OPTIMIZATION_LEVEL = "-O";
				VALIDATE_PRODUCT = YES;
			};
			name = Release;
		};
		216B9868258C91C6007C3BD4 /* Debug */ = {
			isa = XCBuildConfiguration;
			buildSettings = {
				ASSETCATALOG_COMPILER_APPICON_NAME = AppIcon;
				ASSETCATALOG_COMPILER_GLOBAL_ACCENT_COLOR_NAME = AccentColor;
				CODE_SIGN_STYLE = Automatic;
				DEVELOPMENT_ASSET_PATHS = "\"HelloApp/Preview Content\"";
				DEVELOPMENT_TEAM = KGF956XC79;
				ENABLE_PREVIEWS = YES;
				INFOPLIST_FILE = HelloApp/Info.plist;
				LD_RUNPATH_SEARCH_PATHS = (
					"$(inherited)",
					"@executable_path/Frameworks",
				);
				PRODUCT_BUNDLE_IDENTIFIER = ahiahi.HelloApp;
				PRODUCT_NAME = "$(TARGET_NAME)";
				SWIFT_VERSION = 5.0;
				TARGETED_DEVICE_FAMILY = "1,2";
			};
			name = Debug;
		};
		216B9869258C91C6007C3BD4 /* Release */ = {
			isa = XCBuildConfiguration;
			buildSettings = {
				ASSETCATALOG_COMPILER_APPICON_NAME = AppIcon;
				ASSETCATALOG_COMPILER_GLOBAL_ACCENT_COLOR_NAME = AccentColor;
				CODE_SIGN_STYLE = Automatic;
				DEVELOPMENT_ASSET_PATHS = "\"HelloApp/Preview Content\"";
				DEVELOPMENT_TEAM = KGF956XC79;
				ENABLE_PREVIEWS = YES;
				INFOPLIST_FILE = HelloApp/Info.plist;
				LD_RUNPATH_SEARCH_PATHS = (
					"$(inherited)",
					"@executable_path/Frameworks",
				);
				PRODUCT_BUNDLE_IDENTIFIER = ahiahi.HelloApp;
				PRODUCT_NAME = "$(TARGET_NAME)";
				SWIFT_VERSION = 5.0;
				TARGETED_DEVICE_FAMILY = "1,2";
			};
			name = Release;
		};
		216B986B258C91C6007C3BD4 /* Debug */ = {
			isa = XCBuildConfiguration;
			buildSettings = {
				ALWAYS_EMBED_SWIFT_STANDARD_LIBRARIES = YES;
				BUNDLE_LOADER = "$(TEST_HOST)";
				CODE_SIGN_STYLE = Automatic;
				DEVELOPMENT_TEAM = KGF956XC79;
				INFOPLIST_FILE = HelloAppTests/Info.plist;
				IPHONEOS_DEPLOYMENT_TARGET = 14.3;
				LD_RUNPATH_SEARCH_PATHS = (
					"$(inherited)",
					"@executable_path/Frameworks",
					"@loader_path/Frameworks",
				);
				PRODUCT_BUNDLE_IDENTIFIER = ahiahi.HelloAppTests;
				PRODUCT_NAME = "$(TARGET_NAME)";
				SWIFT_VERSION = 5.0;
				TARGETED_DEVICE_FAMILY = "1,2";
				TEST_HOST = "$(BUILT_PRODUCTS_DIR)/HelloApp.app/HelloApp";
			};
			name = Debug;
		};
		216B986C258C91C6007C3BD4 /* Release */ = {
			isa = XCBuildConfiguration;
			buildSettings = {
				ALWAYS_EMBED_SWIFT_STANDARD_LIBRARIES = YES;
				BUNDLE_LOADER = "$(TEST_HOST)";
				CODE_SIGN_STYLE = Automatic;
				DEVELOPMENT_TEAM = KGF956XC79;
				INFOPLIST_FILE = HelloAppTests/Info.plist;
				IPHONEOS_DEPLOYMENT_TARGET = 14.3;
				LD_RUNPATH_SEARCH_PATHS = (
					"$(inherited)",
					"@executable_path/Frameworks",
					"@loader_path/Frameworks",
				);
				PRODUCT_BUNDLE_IDENTIFIER = ahiahi.HelloAppTests;
				PRODUCT_NAME = "$(TARGET_NAME)";
				SWIFT_VERSION = 5.0;
				TARGETED_DEVICE_FAMILY = "1,2";
				TEST_HOST = "$(BUILT_PRODUCTS_DIR)/HelloApp.app/HelloApp";
			};
			name = Release;
		};
		216B986E258C91C6007C3BD4 /* Debug */ = {
			isa = XCBuildConfiguration;
			buildSettings = {
				ALWAYS_EMBED_SWIFT_STANDARD_LIBRARIES = YES;
				CODE_SIGN_STYLE = Automatic;
				DEVELOPMENT_TEAM = KGF956XC79;
				INFOPLIST_FILE = HelloAppUITests/Info.plist;
				LD_RUNPATH_SEARCH_PATHS = (
					"$(inherited)",
					"@executable_path/Frameworks",
					"@loader_path/Frameworks",
				);
				PRODUCT_BUNDLE_IDENTIFIER = ahiahi.HelloAppUITests;
				PRODUCT_NAME = "$(TARGET_NAME)";
				SWIFT_VERSION = 5.0;
				TARGETED_DEVICE_FAMILY = "1,2";
				TEST_TARGET_NAME = HelloApp;
			};
			name = Debug;
		};
		216B986F258C91C6007C3BD4 /* Release */ = {
			isa = XCBuildConfiguration;
			buildSettings = {
				ALWAYS_EMBED_SWIFT_STANDARD_LIBRARIES = YES;
				CODE_SIGN_STYLE = Automatic;
				DEVELOPMENT_TEAM = KGF956XC79;
				INFOPLIST_FILE = HelloAppUITests/Info.plist;
				LD_RUNPATH_SEARCH_PATHS = (
					"$(inherited)",
					"@executable_path/Frameworks",
					"@loader_path/Frameworks",
				);
				PRODUCT_BUNDLE_IDENTIFIER = ahiahi.HelloAppUITests;
				PRODUCT_NAME = "$(TARGET_NAME)";
				SWIFT_VERSION = 5.0;
				TARGETED_DEVICE_FAMILY = "1,2";
				TEST_TARGET_NAME = HelloApp;
			};
			name = Release;
		};
/* End XCBuildConfiguration section */

/* Begin XCConfigurationList section */
		216B9838258C91C2007C3BD4 /* Build configuration list for PBXProject "HelloApp" */ = {
			isa = XCConfigurationList;
			buildConfigurations = (
				216B9865258C91C6007C3BD4 /* Debug */,
				216B9866258C91C6007C3BD4 /* Release */,
			);
			defaultConfigurationIsVisible = 0;
			defaultConfigurationName = Release;
		};
		216B9867258C91C6007C3BD4 /* Build configuration list for PBXNativeTarget "HelloApp" */ = {
			isa = XCConfigurationList;
			buildConfigurations = (
				216B9868258C91C6007C3BD4 /* Debug */,
				216B9869258C91C6007C3BD4 /* Release */,
			);
			defaultConfigurationIsVisible = 0;
			defaultConfigurationName = Release;
		};
		216B986A258C91C6007C3BD4 /* Build configuration list for PBXNativeTarget "HelloAppTests" */ = {
			isa = XCConfigurationList;
			buildConfigurations = (
				216B986B258C91C6007C3BD4 /* Debug */,
				216B986C258C91C6007C3BD4 /* Release */,
			);
			defaultConfigurationIsVisible = 0;
			defaultConfigurationName = Release;
		};
		216B986D258C91C6007C3BD4 /* Build configuration list for PBXNativeTarget "HelloAppUITests" */ = {
			isa = XCConfigurationList;
			buildConfigurations = (
				216B986E258C91C6007C3BD4 /* Debug */,
				216B986F258C91C6007C3BD4 /* Release */,
			);
			defaultConfigurationIsVisible = 0;
			defaultConfigurationName = Release;
		};
/* End XCConfigurationList section */
	};
	rootObject = 216B9835258C91C2007C3BD4 /* Project object */;
}
